
Microsoft Visual Studio Solution File, Format Version 12.00
# Visual Studio Version 16
VisualStudioVersion = 16.0.29020.237
MinimumVisualStudioVersion = 10.0.40219.1
Project("{9A19103F-16F7-4668-BE54-9A1E7A4F7556}") = "APS-API", "APS-API.csproj", "{1A73923B-310B-4A68-A3CA-FA87DBA219B9}"
EndProject
Project("{9A19103F-16F7-4668-BE54-9A1E7A4F7556}") = "MigrationHelper", "Tools\MigrationHelper\MigrationHelper.csproj", "{1BC17C9A-AD0F-4763-B59A-B7D6A6DD3653}"
EndProject
Project("{FAE04EC0-301F-11D3-BF4B-00C04F79EFBC}") = "TriviaDrunksScraper", "Tools\TriviaDrunksScraper\TriviaDrunksScraper.csproj", "{02DE8527-CE8F-48C6-B4D9-984BB41BC93D}"
EndProject
Global
	GlobalSection(SolutionConfigurationPlatforms) = preSolution
		Debug|Any CPU = Debug|Any CPU
		Release|Any CPU = Release|Any CPU
	EndGlobalSection
	GlobalSection(ProjectConfigurationPlatforms) = postSolution
		{1A73923B-310B-4A68-A3CA-FA87DBA219B9}.Debug|Any CPU.ActiveCfg = Debug|Any CPU
		{1A73923B-310B-4A68-A3CA-FA87DBA219B9}.Debug|Any CPU.Build.0 = Debug|Any CPU
		{1A73923B-310B-4A68-A3CA-FA87DBA219B9}.Release|Any CPU.ActiveCfg = Release|Any CPU
		{1A73923B-310B-4A68-A3CA-FA87DBA219B9}.Release|Any CPU.Build.0 = Release|Any CPU
		{1BC17C9A-AD0F-4763-B59A-B7D6A6DD3653}.Debug|Any CPU.ActiveCfg = Debug|Any CPU
		{1BC17C9A-AD0F-4763-B59A-B7D6A6DD3653}.Debug|Any CPU.Build.0 = Debug|Any CPU
		{1BC17C9A-AD0F-4763-B59A-B7D6A6DD3653}.Release|Any CPU.ActiveCfg = Release|Any CPU
		{1BC17C9A-AD0F-4763-B59A-B7D6A6DD3653}.Release|Any CPU.Build.0 = Release|Any CPU
		{02DE8527-CE8F-48C6-B4D9-984BB41BC93D}.Debug|Any CPU.ActiveCfg = Debug|Any CPU
		{02DE8527-CE8F-48C6-B4D9-984BB41BC93D}.Debug|Any CPU.Build.0 = Debug|Any CPU
		{02DE8527-CE8F-48C6-B4D9-984BB41BC93D}.Release|Any CPU.ActiveCfg = Release|Any CPU
		{02DE8527-CE8F-48C6-B4D9-984BB41BC93D}.Release|Any CPU.Build.0 = Release|Any CPU
	EndGlobalSection
	GlobalSection(SolutionProperties) = preSolution
		HideSolutionNode = FALSE
	EndGlobalSection
	GlobalSection(ExtensibilityGlobals) = postSolution
		SolutionGuid = {9D0BCE71-6C09-42E9-9DE0-0B40269BAA65}
	EndGlobalSection
EndGlobal
